dependencies:
- name: postgresql
  repository: https://charts.bitnami.com/bitnami
  version: 16.7.27
- name: redis
  repository: https://charts.bitnami.com/bitnami
  version: 22.0.7
digest: sha256:4c2c92749ef655203335391242bfb1b332e01543d60d7750b4c9595ab4e0d8ce
generated: "2025-10-03T12:08:18.993367531-07:00"
